
Microsoft Visual Studio Solution File, Format Version 12.00
# Visual Studio Version 16
VisualStudioVersion = 16.0.30114.105
MinimumVisualStudioVersion = 10.0.40219.1
Project("{FAE04EC0-301F-11D3-BF4B-00C04F79EFBC}") = "Moonpie", "src\Moonpie\Moonpie.csproj", "{EE5C0E4F-918B-4545-B308-EBDBE69B8F59}"
EndProject
Project("{FAE04EC0-301F-11D3-BF4B-00C04F79EFBC}") = "Moonpie.Tests", "tests\Moonpie.Tests\Moonpie.Tests.csproj", "{FC50F72D-CDDC-4FED-A549-B986EDD7ADDE}"
EndProject
Project("{2150E333-8FDC-42A3-9474-1A3956D46DE8}") = "Tests", "Tests", "{487C6B74-3571-4482-B2F4-9534B8118980}"
EndProject
Project("{2150E333-8FDC-42A3-9474-1A3956D46DE8}") = "Examples", "Examples", "{C186A690-2449-424D-B0FB-49A0DE41D5CA}"
EndProject
Project("{FAE04EC0-301F-11D3-BF4B-00C04F79EFBC}") = "BasicPlugin", "examples\BasicPlugin\BasicPlugin.csproj", "{5FE38E18-8F4D-4D13-A77B-630788ADA1C8}"
EndProject
Project("{FAE04EC0-301F-11D3-BF4B-00C04F79EFBC}") = "Moonpie.NBT", "src\Moonpie.NBT\Moonpie.NBT.csproj", "{D2441ADB-AC68-4540-9C50-4242ECB6FB89}"
EndProject
Project("{FAE04EC0-301F-11D3-BF4B-00C04F79EFBC}") = "Moonpie.Mojang", "Moonpie.Mojang\Moonpie.Mojang.csproj", "{C6861C6B-DC14-477B-A38F-487669A44B1B}"
EndProject
Global
	GlobalSection(SolutionConfigurationPlatforms) = preSolution
		Debug|Any CPU = Debug|Any CPU
		Release|Any CPU = Release|Any CPU
	EndGlobalSection
	GlobalSection(SolutionProperties) = preSolution
		HideSolutionNode = FALSE
	EndGlobalSection
	GlobalSection(ProjectConfigurationPlatforms) = postSolution
		{EE5C0E4F-918B-4545-B308-EBDBE69B8F59}.Debug|Any CPU.ActiveCfg = Debug|Any CPU
		{EE5C0E4F-918B-4545-B308-EBDBE69B8F59}.Debug|Any CPU.Build.0 = Debug|Any CPU
		{EE5C0E4F-918B-4545-B308-EBDBE69B8F59}.Release|Any CPU.ActiveCfg = Release|Any CPU
		{EE5C0E4F-918B-4545-B308-EBDBE69B8F59}.Release|Any CPU.Build.0 = Release|Any CPU
		{FC50F72D-CDDC-4FED-A549-B986EDD7ADDE}.Debug|Any CPU.ActiveCfg = Debug|Any CPU
		{FC50F72D-CDDC-4FED-A549-B986EDD7ADDE}.Debug|Any CPU.Build.0 = Debug|Any CPU
		{FC50F72D-CDDC-4FED-A549-B986EDD7ADDE}.Release|Any CPU.ActiveCfg = Release|Any CPU
		{FC50F72D-CDDC-4FED-A549-B986EDD7ADDE}.Release|Any CPU.Build.0 = Release|Any CPU
		{5FE38E18-8F4D-4D13-A77B-630788ADA1C8}.Debug|Any CPU.ActiveCfg = Debug|Any CPU
		{5FE38E18-8F4D-4D13-A77B-630788ADA1C8}.Debug|Any CPU.Build.0 = Debug|Any CPU
		{5FE38E18-8F4D-4D13-A77B-630788ADA1C8}.Release|Any CPU.ActiveCfg = Release|Any CPU
		{5FE38E18-8F4D-4D13-A77B-630788ADA1C8}.Release|Any CPU.Build.0 = Release|Any CPU
		{D2441ADB-AC68-4540-9C50-4242ECB6FB89}.Debug|Any CPU.ActiveCfg = Debug|Any CPU
		{D2441ADB-AC68-4540-9C50-4242ECB6FB89}.Debug|Any CPU.Build.0 = Debug|Any CPU
		{D2441ADB-AC68-4540-9C50-4242ECB6FB89}.Release|Any CPU.ActiveCfg = Release|Any CPU
		{D2441ADB-AC68-4540-9C50-4242ECB6FB89}.Release|Any CPU.Build.0 = Release|Any CPU
		{C6861C6B-DC14-477B-A38F-487669A44B1B}.Debug|Any CPU.ActiveCfg = Debug|Any CPU
		{C6861C6B-DC14-477B-A38F-487669A44B1B}.Debug|Any CPU.Build.0 = Debug|Any CPU
		{C6861C6B-DC14-477B-A38F-487669A44B1B}.Release|Any CPU.ActiveCfg = Release|Any CPU
		{C6861C6B-DC14-477B-A38F-487669A44B1B}.Release|Any CPU.Build.0 = Release|Any CPU
	EndGlobalSection
	GlobalSection(NestedProjects) = preSolution
		{FC50F72D-CDDC-4FED-A549-B986EDD7ADDE} = {487C6B74-3571-4482-B2F4-9534B8118980}
		{5FE38E18-8F4D-4D13-A77B-630788ADA1C8} = {C186A690-2449-424D-B0FB-49A0DE41D5CA}
	EndGlobalSection
EndGlobal
